# This file is automatically @generated by Cargo.
# It is not intended for manual editing.
version = 3

[[package]]
name = "cfg-if"
version = "1.0.0"
source = "registry+https://github.com/rust-lang/crates.io-index"
checksum = "baf1de4339761588bc0619e3cbc0120ee582ebb74b53b4efbf79117bd2da40fd"

[[package]]
name = "prusti-contracts"
version = "0.1.4"
source = "registry+https://github.com/rust-lang/crates.io-index"
checksum = "0a55ba828aceca3c0786a6dd252e1d219720d15f4c454b70fee282111469c940"
dependencies = [
 "prusti-contracts-proc-macros",
]

[[package]]
name = "prusti-contracts-proc-macros"
version = "0.1.6"
source = "registry+https://github.com/rust-lang/crates.io-index"
checksum = "dc5a49e19cc2309c2f7babcceeed80dacf3e69c8ebfb03355c76d89a0f1d1ddd"

[[package]]
name = "range_inclusive"
version = "0.1.0"
source = "git+https://github.com/Ramla-I/range_inclusive#7998070408bc72a226c5a025f7b7df0f29a0a3c9"

[[package]]
name = "trusted_chunk"
version = "0.1.0"
dependencies = [
 "cfg-if",
 "prusti-contracts",
 "range_inclusive",
]
